// !$*UTF8*$!
{
	archiveVersion = 1;
	classes = {
	};
	objectVersion = 46;
	objects = {

/* Begin PBXBuildFile section */
		841423001E10F1CE000D4E40 /* CoreBluetooth.framework in Frameworks */ = {isa = PBXBuildFile; fileRef = 841422FF1E10F1CE000D4E40 /* CoreBluetooth.framework */; };
		841423041E10F2BD000D4E40 /* UIKit.framework in Frameworks */ = {isa = PBXBuildFile; fileRef = 841423031E10F2BD000D4E40 /* UIKit.framework */; };
		8429F9641E03D11800697BAB /* main.m in Sources */ = {isa = PBXBuildFile; fileRef = 8429F9631E03D11800697BAB /* main.m */; };
		8429F9671E03D11800697BAB /* AppDelegate.m in Sources */ = {isa = PBXBuildFile; fileRef = 8429F9661E03D11800697BAB /* AppDelegate.m */; };
		8450E52E1E14B6F200CACB90 /* libstdc++.tbd in Frameworks */ = {isa = PBXBuildFile; fileRef = 845008F11E14B03D00CACB90 /* libstdc++.tbd */; };
		848D8D2B1E077E2C00DD2026 /* UIButton+Category.m in Sources */ = {isa = PBXBuildFile; fileRef = 848D8D211E077E2C00DD2026 /* UIButton+Category.m */; };
		848D8D2C1E077E2C00DD2026 /* UILabel+Category.m in Sources */ = {isa = PBXBuildFile; fileRef = 848D8D231E077E2C00DD2026 /* UILabel+Category.m */; };
		848D8D2D1E077E2C00DD2026 /* UIView+Category.m in Sources */ = {isa = PBXBuildFile; fileRef = 848D8D251E077E2C00DD2026 /* UIView+Category.m */; };
		95717D0B1E8001C9009ABBE8 /* SingleEcgViewController.m in Sources */ = {isa = PBXBuildFile; fileRef = 95717D0A1E8001C9009ABBE8 /* SingleEcgViewController.m */; };
		95717D0E1E8001D5009ABBE8 /* BpViewController.m in Sources */ = {isa = PBXBuildFile; fileRef = 95717D0D1E8001D5009ABBE8 /* BpViewController.m */; };
		95717D111E8003F2009ABBE8 /* TwelveEcgViewController.m in Sources */ = {isa = PBXBuildFile; fileRef = 95717D101E8003F2009ABBE8 /* TwelveEcgViewController.m */; };
		95C452B51E8112D20050B154 /* WaveView.m in Sources */ = {isa = PBXBuildFile; fileRef = 95C452B41E8112D20050B154 /* WaveView.m */; };
		95C452BC1E8113D50050B154 /* DfthSDK.framework in Frameworks */ = {isa = PBXBuildFile; fileRef = 95C452BB1E8113D50050B154 /* DfthSDK.framework */; };
		95C452E51E8258230050B154 /* DfthSDK.framework in Resources */ = {isa = PBXBuildFile; fileRef = 95C452BB1E8113D50050B154 /* DfthSDK.framework */; };
		95D10D591E31B13E007F7586 /* MainViewController.m in Sources */ = {isa = PBXBuildFile; fileRef = 95D10D581E31B13E007F7586 /* MainViewController.m */; };
		D884801DB258795D3DF51075 /* libPods-BlueToothDemo.a in Frameworks */ = {isa = PBXBuildFile; fileRef = 75A4484369780E3E93938A96 /* libPods-BlueToothDemo.a */; };
/* End PBXBuildFile section */

/* Begin PBXFileReference section */
		5B5735E5F66D53E680BA97A0 /* Pods-BlueToothDemo.release.xcconfig */ = {isa = PBXFileReference; includeInIndex = 1; lastKnownFileType = text.xcconfig; name = "Pods-BlueToothDemo.release.xcconfig"; path = "../Pods/Target Support Files/Pods-BlueToothDemo/Pods-BlueToothDemo.release.xcconfig"; sourceTree = "<group>"; };
		75A4484369780E3E93938A96 /* libPods-BlueToothDemo.a */ = {isa = PBXFileReference; explicitFileType = archive.ar; includeInIndex = 0; path = "libPods-BlueToothDemo.a"; sourceTree = BUILT_PRODUCTS_DIR; };
		841422FF1E10F1CE000D4E40 /* CoreBluetooth.framework */ = {isa = PBXFileReference; lastKnownFileType = wrapper.framework; name = CoreBluetooth.framework; path = System/Library/Frameworks/CoreBluetooth.framework; sourceTree = SDKROOT; };
		841423031E10F2BD000D4E40 /* UIKit.framework */ = {isa = PBXFileReference; lastKnownFileType = wrapper.framework; name = UIKit.framework; path = System/Library/Frameworks/UIKit.framework; sourceTree = SDKROOT; };
		8429F95F1E03D11800697BAB /* BlueToothDemo.app */ = {isa = PBXFileReference; explicitFileType = wrapper.application; includeInIndex = 0; path = BlueToothDemo.app; sourceTree = BUILT_PRODUCTS_DIR; };
		8429F9631E03D11800697BAB /* main.m */ = {isa = PBXFileReference; lastKnownFileType = sourcecode.c.objc; path = main.m; sourceTree = "<group>"; };
		8429F9651E03D11800697BAB /* AppDelegate.h */ = {isa = PBXFileReference; lastKnownFileType = sourcecode.c.h; path = AppDelegate.h; sourceTree = "<group>"; };
		8429F9661E03D11800697BAB /* AppDelegate.m */ = {isa = PBXFileReference; lastKnownFileType = sourcecode.c.objc; path = AppDelegate.m; sourceTree = "<group>"; };
		8429F9731E03D11800697BAB /* Info.plist */ = {isa = PBXFileReference; lastKnownFileType = text.plist.xml; path = Info.plist; sourceTree = "<group>"; };
		845008F11E14B03D00CACB90 /* libstdc++.tbd */ = {isa = PBXFileReference; lastKnownFileType = "sourcecode.text-based-dylib-definition"; name = "libstdc++.tbd"; path = "usr/lib/libstdc++.tbd"; sourceTree = SDKROOT; };
		848D8D201E077E2C00DD2026 /* UIButton+Category.h */ = {isa = PBXFileReference; fileEncoding = 4; lastKnownFileType = sourcecode.c.h; path = "UIButton+Category.h"; sourceTree = "<group>"; };
		848D8D211E077E2C00DD2026 /* UIButton+Category.m */ = {isa = PBXFileReference; fileEncoding = 4; lastKnownFileType = sourcecode.c.objc; path = "UIButton+Category.m"; sourceTree = "<group>"; };
		848D8D221E077E2C00DD2026 /* UILabel+Category.h */ = {isa = PBXFileReference; fileEncoding = 4; lastKnownFileType = sourcecode.c.h; path = "UILabel+Category.h"; sourceTree = "<group>"; };
		848D8D231E077E2C00DD2026 /* UILabel+Category.m */ = {isa = PBXFileReference; fileEncoding = 4; lastKnownFileType = sourcecode.c.objc; path = "UILabel+Category.m"; sourceTree = "<group>"; };
		848D8D241E077E2C00DD2026 /* UIView+Category.h */ = {isa = PBXFileReference; fileEncoding = 4; lastKnownFileType = sourcecode.c.h; path = "UIView+Category.h"; sourceTree = "<group>"; };
		848D8D251E077E2C00DD2026 /* UIView+Category.m */ = {isa = PBXFileReference; fileEncoding = 4; lastKnownFileType = sourcecode.c.objc; path = "UIView+Category.m"; sourceTree = "<group>"; };
		84DEF2131E1B864A00A6D097 /* Foundation.framework */ = {isa = PBXFileReference; lastKnownFileType = wrapper.framework; name = Foundation.framework; path = System/Library/Frameworks/Foundation.framework; sourceTree = SDKROOT; };
		95717D091E8001C9009ABBE8 /* SingleEcgViewController.h */ = {isa = PBXFileReference; fileEncoding = 4; lastKnownFileType = sourcecode.c.h; path = SingleEcgViewController.h; sourceTree = "<group>"; };
		95717D0A1E8001C9009ABBE8 /* SingleEcgViewController.m */ = {isa = PBXFileReference; fileEncoding = 4; lastKnownFileType = sourcecode.c.objc; path = SingleEcgViewController.m; sourceTree = "<group>"; };
		95717D0C1E8001D5009ABBE8 /* BpViewController.h */ = {isa = PBXFileReference; fileEncoding = 4; lastKnownFileType = sourcecode.c.h; path = BpViewController.h; sourceTree = "<group>"; };
		95717D0D1E8001D5009ABBE8 /* BpViewController.m */ = {isa = PBXFileReference; fileEncoding = 4; lastKnownFileType = sourcecode.c.objc; path = BpViewController.m; sourceTree = "<group>"; };
		95717D0F1E8003F2009ABBE8 /* TwelveEcgViewController.h */ = {isa = PBXFileReference; fileEncoding = 4; lastKnownFileType = sourcecode.c.h; path = TwelveEcgViewController.h; sourceTree = "<group>"; };
		95717D101E8003F2009ABBE8 /* TwelveEcgViewController.m */ = {isa = PBXFileReference; fileEncoding = 4; lastKnownFileType = sourcecode.c.objc; path = TwelveEcgViewController.m; sourceTree = "<group>"; };
		95A2C5B51E2FABDD00F1D10A /* DfthPrefix.pch */ = {isa = PBXFileReference; fileEncoding = 4; lastKnownFileType = sourcecode.c.h; path = DfthPrefix.pch; sourceTree = "<group>"; };
		95C452B31E8112D20050B154 /* WaveView.h */ = {isa = PBXFileReference; fileEncoding = 4; lastKnownFileType = sourcecode.c.h; path = WaveView.h; sourceTree = "<group>"; };
		95C452B41E8112D20050B154 /* WaveView.m */ = {isa = PBXFileReference; fileEncoding = 4; lastKnownFileType = sourcecode.c.objc; path = WaveView.m; sourceTree = "<group>"; };
		95C452BB1E8113D50050B154 /* DfthSDK.framework */ = {isa = PBXFileReference; lastKnownFileType = wrapper.framework; path = DfthSDK.framework; sourceTree = "<group>"; };
		95D10D571E31B13E007F7586 /* MainViewController.h */ = {isa = PBXFileReference; fileEncoding = 4; lastKnownFileType = sourcecode.c.h; path = MainViewController.h; sourceTree = "<group>"; };
		95D10D581E31B13E007F7586 /* MainViewController.m */ = {isa = PBXFileReference; fileEncoding = 4; lastKnownFileType = sourcecode.c.objc; path = MainViewController.m; sourceTree = "<group>"; };
		F9EE717AACB20523A2459784 /* Pods-BlueToothDemo.debug.xcconfig */ = {isa = PBXFileReference; includeInIndex = 1; lastKnownFileType = text.xcconfig; name = "Pods-BlueToothDemo.debug.xcconfig"; path = "../Pods/Target Support Files/Pods-BlueToothDemo/Pods-BlueToothDemo.debug.xcconfig"; sourceTree = "<group>"; };
/* End PBXFileReference section */

/* Begin PBXFrameworksBuildPhase section */
		8429F95C1E03D11800697BAB /* Frameworks */ = {
			isa = PBXFrameworksBuildPhase;
			buildActionMask = 2147483647;
			files = (
				8450E52E1E14B6F200CACB90 /* libstdc++.tbd in Frameworks */,
				95C452BC1E8113D50050B154 /* DfthSDK.framework in Frameworks */,
				841423041E10F2BD000D4E40 /* UIKit.framework in Frameworks */,
				841423001E10F1CE000D4E40 /* CoreBluetooth.framework in Frameworks */,
				D884801DB258795D3DF51075 /* libPods-BlueToothDemo.a in Frameworks */,
			);
			runOnlyForDeploymentPostprocessing = 0;
		};
/* End PBXFrameworksBuildPhase section */

/* Begin PBXGroup section */
		7A97E1BADAAD1D3829975732 /* Pods */ = {
			isa = PBXGroup;
			children = (
				F9EE717AACB20523A2459784 /* Pods-BlueToothDemo.debug.xcconfig */,
				5B5735E5F66D53E680BA97A0 /* Pods-BlueToothDemo.release.xcconfig */,
			);
			name = Pods;
			sourceTree = "<group>";
		};
		8429F9561E03D11800697BAB = {
			isa = PBXGroup;
			children = (
				8429F9611E03D11800697BAB /* BlueToothDemo */,
				8429F9601E03D11800697BAB /* Products */,
				848D8D3F1E078B2E00DD2026 /* Frameworks */,
				7A97E1BADAAD1D3829975732 /* Pods */,
			);
			sourceTree = "<group>";
		};
		8429F9601E03D11800697BAB /* Products */ = {
			isa = PBXGroup;
			children = (
				8429F95F1E03D11800697BAB /* BlueToothDemo.app */,
			);
			name = Products;
			sourceTree = "<group>";
		};
		8429F9611E03D11800697BAB /* BlueToothDemo */ = {
			isa = PBXGroup;
			children = (
				95C452BA1E8113D50050B154 /* DfthSDK */,
				95C452B21E8112D20050B154 /* View */,
				848D8D1E1E077E2C00DD2026 /* Category */,
				8429FA271E03D50600697BAB /* ViewController */,
				8429F9651E03D11800697BAB /* AppDelegate.h */,
				8429F9661E03D11800697BAB /* AppDelegate.m */,
				8429F9731E03D11800697BAB /* Info.plist */,
				8429F9621E03D11800697BAB /* Supporting Files */,
			);
			path = BlueToothDemo;
			sourceTree = "<group>";
		};
		8429F9621E03D11800697BAB /* Supporting Files */ = {
			isa = PBXGroup;
			children = (
				8429F9631E03D11800697BAB /* main.m */,
				95A2C5B51E2FABDD00F1D10A /* DfthPrefix.pch */,
			);
			name = "Supporting Files";
			sourceTree = "<group>";
		};
		8429FA271E03D50600697BAB /* ViewController */ = {
			isa = PBXGroup;
			children = (
				95D10D571E31B13E007F7586 /* MainViewController.h */,
				95D10D581E31B13E007F7586 /* MainViewController.m */,
				95717D091E8001C9009ABBE8 /* SingleEcgViewController.h */,
				95717D0A1E8001C9009ABBE8 /* SingleEcgViewController.m */,
				95717D0C1E8001D5009ABBE8 /* BpViewController.h */,
				95717D0D1E8001D5009ABBE8 /* BpViewController.m */,
				95717D0F1E8003F2009ABBE8 /* TwelveEcgViewController.h */,
				95717D101E8003F2009ABBE8 /* TwelveEcgViewController.m */,
			);
			path = ViewController;
			sourceTree = "<group>";
		};
		848D8D1E1E077E2C00DD2026 /* Category */ = {
			isa = PBXGroup;
			children = (
				848D8D201E077E2C00DD2026 /* UIButton+Category.h */,
				848D8D211E077E2C00DD2026 /* UIButton+Category.m */,
				848D8D221E077E2C00DD2026 /* UILabel+Category.h */,
				848D8D231E077E2C00DD2026 /* UILabel+Category.m */,
				848D8D241E077E2C00DD2026 /* UIView+Category.h */,
				848D8D251E077E2C00DD2026 /* UIView+Category.m */,
			);
			path = Category;
			sourceTree = "<group>";
		};
		848D8D3F1E078B2E00DD2026 /* Frameworks */ = {
			isa = PBXGroup;
			children = (
				84DEF2131E1B864A00A6D097 /* Foundation.framework */,
				845008F11E14B03D00CACB90 /* libstdc++.tbd */,
				841423031E10F2BD000D4E40 /* UIKit.framework */,
				841422FF1E10F1CE000D4E40 /* CoreBluetooth.framework */,
				75A4484369780E3E93938A96 /* libPods-BlueToothDemo.a */,
			);
			name = Frameworks;
			sourceTree = "<group>";
		};
		95C452B21E8112D20050B154 /* View */ = {
			isa = PBXGroup;
			children = (
				95C452B31E8112D20050B154 /* WaveView.h */,
				95C452B41E8112D20050B154 /* WaveView.m */,
			);
			path = View;
			sourceTree = "<group>";
		};
		95C452BA1E8113D50050B154 /* DfthSDK */ = {
			isa = PBXGroup;
			children = (
				95C452BB1E8113D50050B154 /* DfthSDK.framework */,
			);
			path = DfthSDK;
			sourceTree = "<group>";
		};
/* End PBXGroup section */

/* Begin PBXNativeTarget section */
		8429F95E1E03D11800697BAB /* BlueToothDemo */ = {
			isa = PBXNativeTarget;
			buildConfigurationList = 8429F98C1E03D11800697BAB /* Build configuration list for PBXNativeTarget "BlueToothDemo" */;
			buildPhases = (
				5B6A9038709CFF21B84AC438 /* [CP] Check Pods Manifest.lock */,
				8429F95B1E03D11800697BAB /* Sources */,
				8429F95C1E03D11800697BAB /* Frameworks */,
				8429F95D1E03D11800697BAB /* Resources */,
				505B58BD166DDCA1BADBBA30 /* [CP] Embed Pods Frameworks */,
				528A7BDC068BEF8545F01E7E /* [CP] Copy Pods Resources */,
			);
			buildRules = (
			);
			dependencies = (
			);
			name = BlueToothDemo;
			productName = BlueToothDemo;
			productReference = 8429F95F1E03D11800697BAB /* BlueToothDemo.app */;
			productType = "com.apple.product-type.application";
		};
/* End PBXNativeTarget section */

/* Begin PBXProject section */
		8429F9571E03D11800697BAB /* Project object */ = {
			isa = PBXProject;
			attributes = {
				LastUpgradeCheck = 0820;
				ORGANIZATIONNAME = com.dfth.BlueToothDemo;
				TargetAttributes = {
					8429F95E1E03D11800697BAB = {
						CreatedOnToolsVersion = 8.0;
						DevelopmentTeam = TG73VDK247;
						ProvisioningStyle = Automatic;
						SystemCapabilities = {
							com.apple.BackgroundModes = {
								enabled = 1;
							};
						};
					};
				};
			};
			buildConfigurationList = 8429F95A1E03D11800697BAB /* Build configuration list for PBXProject "BlueToothDemo" */;
			compatibilityVersion = "Xcode 3.2";
			developmentRegion = English;
			hasScannedForEncodings = 0;
			knownRegions = (
				en,
				Base,
			);
			mainGroup = 8429F9561E03D11800697BAB;
			productRefGroup = 8429F9601E03D11800697BAB /* Products */;
			projectDirPath = "";
			projectRoot = "";
			targets = (
				8429F95E1E03D11800697BAB /* BlueToothDemo */,
			);
		};
/* End PBXProject section */

/* Begin PBXResourcesBuildPhase section */
		8429F95D1E03D11800697BAB /* Resources */ = {
			isa = PBXResourcesBuildPhase;
			buildActionMask = 2147483647;
			files = (
				95C452E51E8258230050B154 /* DfthSDK.framework in Resources */,
			);
			runOnlyForDeploymentPostprocessing = 0;
		};
/* End PBXResourcesBuildPhase section */

/* Begin PBXShellScriptBuildPhase section */
		505B58BD166DDCA1BADBBA30 /* [CP] Embed Pods Frameworks */ = {
			isa = PBXShellScriptBuildPhase;
			buildActionMask = 2147483647;
			files = (
			);
			inputPaths = (
			);
			name = "[CP] Embed Pods Frameworks";
			outputPaths = (
			);
			runOnlyForDeploymentPostprocessing = 0;
			shellPath = /bin/sh;
			shellScript = "\"${SRCROOT}/../Pods/Target Support Files/Pods-BlueToothDemo/Pods-BlueToothDemo-frameworks.sh\"\n";
			showEnvVarsInLog = 0;
		};
		528A7BDC068BEF8545F01E7E /* [CP] Copy Pods Resources */ = {
			isa = PBXShellScriptBuildPhase;
			buildActionMask = 2147483647;
			files = (
			);
			inputPaths = (
			);
			name = "[CP] Copy Pods Resources";
			outputPaths = (
			);
			runOnlyForDeploymentPostprocessing = 0;
			shellPath = /bin/sh;
			shellScript = "\"${SRCROOT}/../Pods/Target Support Files/Pods-BlueToothDemo/Pods-BlueToothDemo-resources.sh\"\n";
			showEnvVarsInLog = 0;
		};
		5B6A9038709CFF21B84AC438 /* [CP] Check Pods Manifest.lock */ = {
			isa = PBXShellScriptBuildPhase;
			buildActionMask = 2147483647;
			files = (
			);
			inputPaths = (
			);
			name = "[CP] Check Pods Manifest.lock";
			outputPaths = (
			);
			runOnlyForDeploymentPostprocessing = 0;
			shellPath = /bin/sh;
			shellScript = "diff \"${PODS_ROOT}/../Podfile.lock\" \"${PODS_ROOT}/Manifest.lock\" > /dev/null\nif [ $? != 0 ] ; then\n    # print error to STDERR\n    echo \"error: The sandbox is not in sync with the Podfile.lock. Run 'pod install' or update your CocoaPods installation.\" >&2\n    exit 1\nfi\n";
			showEnvVarsInLog = 0;
		};
/* End PBXShellScriptBuildPhase section */

/* Begin PBXSourcesBuildPhase section */
		8429F95B1E03D11800697BAB /* Sources */ = {
			isa = PBXSourcesBuildPhase;
			buildActionMask = 2147483647;
			files = (
				95717D0B1E8001C9009ABBE8 /* SingleEcgViewController.m in Sources */,
				95C452B51E8112D20050B154 /* WaveView.m in Sources */,
				95D10D591E31B13E007F7586 /* MainViewController.m in Sources */,
				848D8D2B1E077E2C00DD2026 /* UIButton+Category.m in Sources */,
				8429F9671E03D11800697BAB /* AppDelegate.m in Sources */,
				848D8D2C1E077E2C00DD2026 /* UILabel+Category.m in Sources */,
				848D8D2D1E077E2C00DD2026 /* UIView+Category.m in Sources */,
				95717D0E1E8001D5009ABBE8 /* BpViewController.m in Sources */,
				8429F9641E03D11800697BAB /* main.m in Sources */,
				95717D111E8003F2009ABBE8 /* TwelveEcgViewController.m in Sources */,
			);
			runOnlyForDeploymentPostprocessing = 0;
		};
/* End PBXSourcesBuildPhase section */

/* Begin XCBuildConfiguration section */
		8429F98A1E03D11800697BAB /* Debug */ = {
			isa = XCBuildConfiguration;
			buildSettings = {
				ALWAYS_SEARCH_USER_PATHS = NO;
				CLANG_ANALYZER_NONNULL = YES;
				CLANG_CXX_LANGUAGE_STANDARD = "gnu++0x";
				CLANG_CXX_LIBRARY = "libc++";
				CLANG_ENABLE_MODULES = YES;
				CLANG_ENABLE_OBJC_ARC = YES;
				CLANG_WARN_BOOL_CONVERSION = YES;
				CLANG_WARN_CONSTANT_CONVERSION = YES;
				CLANG_WARN_DIRECT_OBJC_ISA_USAGE = YES_ERROR;
				CLANG_WARN_DOCUMENTATION_COMMENTS = YES;
				CLANG_WARN_EMPTY_BODY = YES;
				CLANG_WARN_ENUM_CONVERSION = YES;
				CLANG_WARN_INFINITE_RECURSION = YES;
				CLANG_WARN_INT_CONVERSION = YES;
				CLANG_WARN_OBJC_ROOT_CLASS = YES_ERROR;
				CLANG_WARN_SUSPICIOUS_MOVE = YES;
				CLANG_WARN_SUSPICIOUS_MOVES = YES;
				CLANG_WARN_UNREACHABLE_CODE = YES;
				CLANG_WARN__DUPLICATE_METHOD_MATCH = YES;
				"CODE_SIGN_IDENTITY[sdk=iphoneos*]" = "iPhone Developer";
				COPY_PHASE_STRIP = NO;
				DEBUG_INFORMATION_FORMAT = dwarf;
				ENABLE_BITCODE = NO;
				ENABLE_STRICT_OBJC_MSGSEND = YES;
				ENABLE_TESTABILITY = YES;
				GCC_C_LANGUAGE_STANDARD = gnu99;
				GCC_DYNAMIC_NO_PIC = NO;
				GCC_NO_COMMON_BLOCKS = YES;
				GCC_OPTIMIZATION_LEVEL = 0;
				GCC_PREFIX_HEADER = "$(SRCROOT)/BlueToothDemo/DfthPrefix.pch";
				GCC_PREPROCESSOR_DEFINITIONS = (
					"DEBUG=1",
					"$(inherited)",
				);
				GCC_WARN_64_TO_32_BIT_CONVERSION = YES;
				GCC_WARN_ABOUT_RETURN_TYPE = YES_ERROR;
				GCC_WARN_UNDECLARED_SELECTOR = YES;
				GCC_WARN_UNINITIALIZED_AUTOS = YES_AGGRESSIVE;
				GCC_WARN_UNUSED_FUNCTION = YES;
				GCC_WARN_UNUSED_VARIABLE = YES;
				IPHONEOS_DEPLOYMENT_TARGET = 10.0;
				MTL_ENABLE_DEBUG_INFO = YES;
				ONLY_ACTIVE_ARCH = NO;
				SDKROOT = iphoneos;
				TARGETED_DEVICE_FAMILY = "1,2";
			};
			name = Debug;
		};
		8429F98B1E03D11800697BAB /* Release */ = {
			isa = XCBuildConfiguration;
			buildSettings = {
				ALWAYS_SEARCH_USER_PATHS = NO;
				CLANG_ANALYZER_NONNULL = YES;
				CLANG_CXX_LANGUAGE_STANDARD = "gnu++0x";
				CLANG_CXX_LIBRARY = "libc++";
				CLANG_ENABLE_MODULES = YES;
				CLANG_ENABLE_OBJC_ARC = YES;
				CLANG_WARN_BOOL_CONVERSION = YES;
				CLANG_WARN_CONSTANT_CONVERSION = YES;
				CLANG_WARN_DIRECT_OBJC_ISA_USAGE = YES_ERROR;
				CLANG_WARN_DOCUMENTATION_COMMENTS = YES;
				CLANG_WARN_EMPTY_BODY = YES;
				CLANG_WARN_ENUM_CONVERSION = YES;
				CLANG_WARN_INFINITE_RECURSION = YES;
				CLANG_WARN_INT_CONVERSION = YES;
				CLANG_WARN_OBJC_ROOT_CLASS = YES_ERROR;
				CLANG_WARN_SUSPICIOUS_MOVE = YES;
				CLANG_WARN_SUSPICIOUS_MOVES = YES;
				CLANG_WARN_UNREACHABLE_CODE = YES;
				CLANG_WARN__DUPLICATE_METHOD_MATCH = YES;
				"CODE_SIGN_IDENTITY[sdk=iphoneos*]" = "iPhone Developer";
				COPY_PHASE_STRIP = NO;
				DEBUG_INFORMATION_FORMAT = "dwarf-with-dsym";
				ENABLE_BITCODE = NO;
				ENABLE_NS_ASSERTIONS = NO;
				ENABLE_STRICT_OBJC_MSGSEND = YES;
				GCC_C_LANGUAGE_STANDARD = gnu99;
				GCC_NO_COMMON_BLOCKS = YES;
				GCC_PREFIX_HEADER = "$(SRCROOT)/BlueToothDemo/DfthPrefix.pch";
				GCC_WARN_64_TO_32_BIT_CONVERSION = YES;
				GCC_WARN_ABOUT_RETURN_TYPE = YES_ERROR;
				GCC_WARN_UNDECLARED_SELECTOR = YES;
				GCC_WARN_UNINITIALIZED_AUTOS = YES_AGGRESSIVE;
				GCC_WARN_UNUSED_FUNCTION = YES;
				GCC_WARN_UNUSED_VARIABLE = YES;
				IPHONEOS_DEPLOYMENT_TARGET = 10.0;
				MTL_ENABLE_DEBUG_INFO = NO;
				SDKROOT = iphoneos;
				TARGETED_DEVICE_FAMILY = "1,2";
				VALIDATE_PRODUCT = YES;
			};
			name = Release;
		};
		8429F98D1E03D11800697BAB /* Debug */ = {
			isa = XCBuildConfiguration;
			baseConfigurationReference = F9EE717AACB20523A2459784 /* Pods-BlueToothDemo.debug.xcconfig */;
			buildSettings = {
				ASSETCATALOG_COMPILER_APPICON_NAME = AppIcon;
				DEVELOPMENT_TEAM = TG73VDK247;
				ENABLE_BITCODE = NO;
				FRAMEWORK_SEARCH_PATHS = (
					"$(PROJECT_DIR)/BlueToothDemo",
					"$(PROJECT_DIR)/BlueToothDemo/DfthSDK",
				);
				GCC_INPUT_FILETYPE = automatic;
				HEADER_SEARCH_PATHS = (
					"$(inherited)",
					"\"${PODS_ROOT}/Headers/Public\"",
					"\"${PODS_ROOT}/Headers/Public/AFNetworking\"",
					"\"${PODS_ROOT}/Headers/Public/CocoaLumberjack\"",
					"\"${PODS_ROOT}/Headers/Public/SSZipArchive\"",
				);
				INFOPLIST_FILE = BlueToothDemo/Info.plist;
				IPHONEOS_DEPLOYMENT_TARGET = 8.0;
				LD_RUNPATH_SEARCH_PATHS = "$(inherited) @executable_path/Frameworks";
				LIBRARY_SEARCH_PATHS = (
					"$(inherited)",
					"$(PROJECT_DIR)/BlueToothDemo",
				);
				ONLY_ACTIVE_ARCH = YES;
				PRODUCT_BUNDLE_IDENTIFIER = com.dfth.BlueToothDemo;
				PRODUCT_NAME = "$(TARGET_NAME)";
			};
			name = Debug;
		};
		8429F98E1E03D11800697BAB /* Release */ = {
			isa = XCBuildConfiguration;
			baseConfigurationReference = 5B5735E5F66D53E680BA97A0 /* Pods-BlueToothDemo.release.xcconfig */;
			buildSettings = {
				ASSETCATALOG_COMPILER_APPICON_NAME = AppIcon;
				DEVELOPMENT_TEAM = TG73VDK247;
				ENABLE_BITCODE = NO;
				FRAMEWORK_SEARCH_PATHS = (
					"$(PROJECT_DIR)/BlueToothDemo",
					"$(PROJECT_DIR)/BlueToothDemo/DfthSDK",
				);
				GCC_INPUT_FILETYPE = automatic;
				HEADER_SEARCH_PATHS = (
					"$(inherited)",
					"\"${PODS_ROOT}/Headers/Public\"",
					"\"${PODS_ROOT}/Headers/Public/AFNetworking\"",
					"\"${PODS_ROOT}/Headers/Public/CocoaLumberjack\"",
					"\"${PODS_ROOT}/Headers/Public/SSZipArchive\"",
				);
				INFOPLIST_FILE = BlueToothDemo/Info.plist;
				IPHONEOS_DEPLOYMENT_TARGET = 8.0;
				LD_RUNPATH_SEARCH_PATHS = "$(inherited) @executable_path/Frameworks";
				LIBRARY_SEARCH_PATHS = (
					"$(inherited)",
					"$(PROJECT_DIR)/BlueToothDemo",
				);
				PRODUCT_BUNDLE_IDENTIFIER = com.dfth.BlueToothDemo;
				PRODUCT_NAME = "$(TARGET_NAME)";
			};
			name = Release;
		};
/* End XCBuildConfiguration section */

/* Begin XCConfigurationList section */
		8429F95A1E03D11800697BAB /* Build configuration list for PBXProject "BlueToothDemo" */ = {
			isa = XCConfigurationList;
			buildConfigurations = (
				8429F98A1E03D11800697BAB /* Debug */,
				8429F98B1E03D11800697BAB /* Release */,
			);
			defaultConfigurationIsVisible = 0;
			defaultConfigurationName = Release;
		};
		8429F98C1E03D11800697BAB /* Build configuration list for PBXNativeTarget "BlueToothDemo" */ = {
			isa = XCConfigurationList;
			buildConfigurations = (
				8429F98D1E03D11800697BAB /* Debug */,
				8429F98E1E03D11800697BAB /* Release */,
			);
			defaultConfigurationIsVisible = 0;
			defaultConfigurationName = Release;
		};
/* End XCConfigurationList section */
	};
	rootObject = 8429F9571E03D11800697BAB /* Project object */;
}
